
Microsoft Visual Studio Solution File, Format Version 12.00
# Visual Studio Version 16
VisualStudioVersion = 16.0.31105.61
MinimumVisualStudioVersion = 10.0.40219.1
Project("{9A19103F-16F7-4668-BE54-9A1E7A4F7556}") = "NimbleGoat", "NimbleGoat.csproj", "{D16914B0-D6CB-4647-8428-EA100365DC2F}"
EndProject
Project("{FAE04EC0-301F-11D3-BF4B-00C04F79EFBC}") = "NimbleGoatTest", "..\NimbleGoatTest\NimbleGoatTest.csproj", "{97989763-0853-4774-A2F3-8337CDB1B073}"
EndProject
Global
	GlobalSection(SolutionConfigurationPlatforms) = preSolution
		Debug|Any CPU = Debug|Any CPU
		Release|Any CPU = Release|Any CPU
	EndGlobalSection
	GlobalSection(ProjectConfigurationPlatforms) = postSolution
		{D16914B0-D6CB-4647-8428-EA100365DC2F}.Debug|Any CPU.ActiveCfg = Debug|Any CPU
		{D16914B0-D6CB-4647-8428-EA100365DC2F}.Debug|Any CPU.Build.0 = Debug|Any CPU
		{D16914B0-D6CB-4647-8428-EA100365DC2F}.Release|Any CPU.ActiveCfg = Release|Any CPU
		{D16914B0-D6CB-4647-8428-EA100365DC2F}.Release|Any CPU.Build.0 = Release|Any CPU
		{97989763-0853-4774-A2F3-8337CDB1B073}.Debug|Any CPU.ActiveCfg = Debug|Any CPU
		{97989763-0853-4774-A2F3-8337CDB1B073}.Debug|Any CPU.Build.0 = Debug|Any CPU
		{97989763-0853-4774-A2F3-8337CDB1B073}.Release|Any CPU.ActiveCfg = Release|Any CPU
		{97989763-0853-4774-A2F3-8337CDB1B073}.Release|Any CPU.Build.0 = Release|Any CPU
	EndGlobalSection
	GlobalSection(SolutionProperties) = preSolution
		HideSolutionNode = FALSE
	EndGlobalSection
	GlobalSection(ExtensibilityGlobals) = postSolution
		SolutionGuid = {F59E1FC5-2E56-494F-A1C6-37840F5A6ED8}
	EndGlobalSection
EndGlobal
